
Microsoft Visual Studio Solution File, Format Version 12.00
# Visual Studio Version 17
VisualStudioVersion = 17.0.32112.339
MinimumVisualStudioVersion = 10.0.40219.1
Project("{9A19103F-16F7-4668-BE54-9A1E7A4F7556}") = "lowSpagVM", "lowSpagVM\lowSpagVM.csproj", "{771E82E1-7316-4B2E-A089-982BC419C6F9}"
EndProject
Project("{9A19103F-16F7-4668-BE54-9A1E7A4F7556}") = "libLowSpagVM", "libLowSpagVM\libLowSpagVM.csproj", "{6D9B2611-3AA1-4C28-9A72-7F302072289F}"
EndProject
Project("{9A19103F-16F7-4668-BE54-9A1E7A4F7556}") = "LowSpagVM.Common", "LowSpagVM.Common\LowSpagVM.Common.csproj", "{8F7A0CE6-EC74-41C4-B8F6-AB48095A8928}"
EndProject
Project("{9A19103F-16F7-4668-BE54-9A1E7A4F7556}") = "lowSpagAssembler", "lowSpagAssembler\lowSpagAssembler.csproj", "{260473FA-74C7-4C20-A399-DE23A663DD7B}"
EndProject
Project("{2150E333-8FDC-42A3-9474-1A3956D46DE8}") = "Examples", "Examples", "{6E74DAF9-5A34-49CA-AAFC-A69B0491378E}"
	ProjectSection(SolutionItems) = preProject
		SimpleTest.asm = SimpleTest.asm
	EndProjectSection
EndProject
Project("{9A19103F-16F7-4668-BE54-9A1E7A4F7556}") = "DebuggingVM", "DebuggingVM\DebuggingVM.csproj", "{3B458ADA-D746-49DB-A694-5F07D14C2F4D}"
EndProject
Project("{9A19103F-16F7-4668-BE54-9A1E7A4F7556}") = "libLowSpagAssembler", "libLowSpagAssembler\libLowSpagAssembler.csproj", "{6BCDE0E0-30A5-4896-BBFD-F193BEB4446D}"
EndProject
Project("{2150E333-8FDC-42A3-9474-1A3956D46DE8}") = "Projektmappenelemente", "Projektmappenelemente", "{25DAF3F6-5D82-4181-8FDA-5D421C6F2FA7}"
	ProjectSection(SolutionItems) = preProject
		README.md = README.md
	EndProjectSection
EndProject
Global
	GlobalSection(SolutionConfigurationPlatforms) = preSolution
		Debug|Any CPU = Debug|Any CPU
		Release|Any CPU = Release|Any CPU
	EndGlobalSection
	GlobalSection(ProjectConfigurationPlatforms) = postSolution
		{771E82E1-7316-4B2E-A089-982BC419C6F9}.Debug|Any CPU.ActiveCfg = Debug|Any CPU
		{771E82E1-7316-4B2E-A089-982BC419C6F9}.Debug|Any CPU.Build.0 = Debug|Any CPU
		{771E82E1-7316-4B2E-A089-982BC419C6F9}.Release|Any CPU.ActiveCfg = Release|Any CPU
		{771E82E1-7316-4B2E-A089-982BC419C6F9}.Release|Any CPU.Build.0 = Release|Any CPU
		{6D9B2611-3AA1-4C28-9A72-7F302072289F}.Debug|Any CPU.ActiveCfg = Debug|Any CPU
		{6D9B2611-3AA1-4C28-9A72-7F302072289F}.Debug|Any CPU.Build.0 = Debug|Any CPU
		{6D9B2611-3AA1-4C28-9A72-7F302072289F}.Release|Any CPU.ActiveCfg = Release|Any CPU
		{6D9B2611-3AA1-4C28-9A72-7F302072289F}.Release|Any CPU.Build.0 = Release|Any CPU
		{8F7A0CE6-EC74-41C4-B8F6-AB48095A8928}.Debug|Any CPU.ActiveCfg = Debug|Any CPU
		{8F7A0CE6-EC74-41C4-B8F6-AB48095A8928}.Debug|Any CPU.Build.0 = Debug|Any CPU
		{8F7A0CE6-EC74-41C4-B8F6-AB48095A8928}.Release|Any CPU.ActiveCfg = Release|Any CPU
		{8F7A0CE6-EC74-41C4-B8F6-AB48095A8928}.Release|Any CPU.Build.0 = Release|Any CPU
		{260473FA-74C7-4C20-A399-DE23A663DD7B}.Debug|Any CPU.ActiveCfg = Debug|Any CPU
		{260473FA-74C7-4C20-A399-DE23A663DD7B}.Debug|Any CPU.Build.0 = Debug|Any CPU
		{260473FA-74C7-4C20-A399-DE23A663DD7B}.Release|Any CPU.ActiveCfg = Release|Any CPU
		{260473FA-74C7-4C20-A399-DE23A663DD7B}.Release|Any CPU.Build.0 = Release|Any CPU
		{3B458ADA-D746-49DB-A694-5F07D14C2F4D}.Debug|Any CPU.ActiveCfg = Debug|Any CPU
		{3B458ADA-D746-49DB-A694-5F07D14C2F4D}.Debug|Any CPU.Build.0 = Debug|Any CPU
		{3B458ADA-D746-49DB-A694-5F07D14C2F4D}.Release|Any CPU.ActiveCfg = Release|Any CPU
		{3B458ADA-D746-49DB-A694-5F07D14C2F4D}.Release|Any CPU.Build.0 = Release|Any CPU
		{6BCDE0E0-30A5-4896-BBFD-F193BEB4446D}.Debug|Any CPU.ActiveCfg = Debug|Any CPU
		{6BCDE0E0-30A5-4896-BBFD-F193BEB4446D}.Debug|Any CPU.Build.0 = Debug|Any CPU
		{6BCDE0E0-30A5-4896-BBFD-F193BEB4446D}.Release|Any CPU.ActiveCfg = Release|Any CPU
		{6BCDE0E0-30A5-4896-BBFD-F193BEB4446D}.Release|Any CPU.Build.0 = Release|Any CPU
	EndGlobalSection
	GlobalSection(SolutionProperties) = preSolution
		HideSolutionNode = FALSE
	EndGlobalSection
	GlobalSection(ExtensibilityGlobals) = postSolution
		SolutionGuid = {5A56D6C8-76AD-4C1F-91B7-9FDCD1BC10EE}
	EndGlobalSection
EndGlobal
